
Microsoft Visual Studio Solution File, Format Version 12.00
# Visual Studio 15
VisualStudioVersion = 15.0.27130.2026
MinimumVisualStudioVersion = 10.0.40219.1
Project("{FAE04EC0-301F-11D3-BF4B-00C04F79EFBC}") = "ActorConsole", "ActorConsole\ActorConsole.csproj", "{8CA5E74F-043D-45EA-8570-22A44FF24E20}"
EndProject
Project("{FAE04EC0-301F-11D3-BF4B-00C04F79EFBC}") = "Actor.Core", "Actor.Core\Actor.Core.csproj", "{539353BD-5436-4618-9038-EEB0C856A1C6}"
EndProject
Project("{2150E333-8FDC-42A3-9474-1A3956D46DE8}") = "Utility", "Utility", "{E38C1A2A-ED4D-44B1-B8C3-809226B1DA4E}"
	ProjectSection(SolutionItems) = preProject
		PostBuildStep.bat = PostBuildStep.bat
	EndProjectSection
EndProject
Project("{FAE04EC0-301F-11D3-BF4B-00C04F79EFBC}") = "ActorGUI", "ActorGUI\ActorGUI.csproj", "{2C4DFF5E-D56B-4DD0-A839-54F6E6F6D9F9}"
EndProject
Global
	GlobalSection(SolutionConfigurationPlatforms) = preSolution
		Debug|Any CPU = Debug|Any CPU
		Release|Any CPU = Release|Any CPU
	EndGlobalSection
	GlobalSection(ProjectConfigurationPlatforms) = postSolution
		{8CA5E74F-043D-45EA-8570-22A44FF24E20}.Debug|Any CPU.ActiveCfg = Debug|Any CPU
		{8CA5E74F-043D-45EA-8570-22A44FF24E20}.Debug|Any CPU.Build.0 = Debug|Any CPU
		{8CA5E74F-043D-45EA-8570-22A44FF24E20}.Release|Any CPU.ActiveCfg = Release|Any CPU
		{8CA5E74F-043D-45EA-8570-22A44FF24E20}.Release|Any CPU.Build.0 = Release|Any CPU
		{539353BD-5436-4618-9038-EEB0C856A1C6}.Debug|Any CPU.ActiveCfg = Debug|Any CPU
		{539353BD-5436-4618-9038-EEB0C856A1C6}.Debug|Any CPU.Build.0 = Debug|Any CPU
		{539353BD-5436-4618-9038-EEB0C856A1C6}.Release|Any CPU.ActiveCfg = Release|Any CPU
		{539353BD-5436-4618-9038-EEB0C856A1C6}.Release|Any CPU.Build.0 = Release|Any CPU
		{2C4DFF5E-D56B-4DD0-A839-54F6E6F6D9F9}.Debug|Any CPU.ActiveCfg = Debug|Any CPU
		{2C4DFF5E-D56B-4DD0-A839-54F6E6F6D9F9}.Debug|Any CPU.Build.0 = Debug|Any CPU
		{2C4DFF5E-D56B-4DD0-A839-54F6E6F6D9F9}.Release|Any CPU.ActiveCfg = Release|Any CPU
		{2C4DFF5E-D56B-4DD0-A839-54F6E6F6D9F9}.Release|Any CPU.Build.0 = Release|Any CPU
	EndGlobalSection
	GlobalSection(SolutionProperties) = preSolution
		HideSolutionNode = FALSE
	EndGlobalSection
	GlobalSection(ExtensibilityGlobals) = postSolution
		SolutionGuid = {D33234E2-3CF7-4176-880F-46F73D804C8B}
	EndGlobalSection
EndGlobal
